
Microsoft Visual Studio Solution File, Format Version 12.00
# Visual Studio Version 17
VisualStudioVersion = 17.0.31903.59
MinimumVisualStudioVersion = 10.0.40219.1
Project("{2150E333-8FDC-42A3-9474-1A3956D46DE8}") = "DataStructures", "DataStructures", "{86F2628C-7C65-4C85-8DDA-76D4290279FA}"
EndProject
Project("{FAE04EC0-301F-11D3-BF4B-00C04F79EFBC}") = "DataStructures", "DataStructures\DataStructures\DataStructures.csproj", "{0770097D-8C8B-4B38-B5A2-B3A8118C52D5}"
EndProject
Project("{FAE04EC0-301F-11D3-BF4B-00C04F79EFBC}") = "DataStructures.Tests", "DataStructures\DataStructures.Tests\DataStructures.Tests.csproj", "{025AC920-F7A9-43B0-A3BB-3A7059DAF29C}"
EndProject
Project("{2150E333-8FDC-42A3-9474-1A3956D46DE8}") = "Generics", "Generics", "{291CFCBF-015C-44D7-87A6-1D694FD759B3}"
EndProject
Project("{FAE04EC0-301F-11D3-BF4B-00C04F79EFBC}") = "Generics", "Generics\Generics\Generics.csproj", "{517CC277-5FB7-4AE7-B8E8-BCCAB8C9917C}"
EndProject
Project("{FAE04EC0-301F-11D3-BF4B-00C04F79EFBC}") = "Generics.Tests", "Generics\Generics.Tests\Generics.Tests.csproj", "{1124242B-B81F-41D5-A437-E05B9FAB7A07}"
EndProject
Project("{2150E333-8FDC-42A3-9474-1A3956D46DE8}") = "ProblemSolving", "ProblemSolving", "{3AD1A9CA-D5DC-46C3-B850-C529CCCB5195}"
EndProject
Project("{FAE04EC0-301F-11D3-BF4B-00C04F79EFBC}") = "ProblemSolving", "ProblemSolving\ProblemSolving\ProblemSolving.csproj", "{52235052-6EEA-46B2-806F-5FBADE25E800}"
EndProject
Project("{FAE04EC0-301F-11D3-BF4B-00C04F79EFBC}") = "ProblemSolving.Tests", "ProblemSolving\ProblemSolving.Tests\ProblemSolving.Tests.csproj", "{B2C8C805-3325-4077-97D6-9204930F3144}"
EndProject
Project("{2150E333-8FDC-42A3-9474-1A3956D46DE8}") = "SingleResponsibility", "SingleResponsibility", "{2C187AAD-C1FE-4333-B25A-E1E5BE3A76CB}"
EndProject
Project("{FAE04EC0-301F-11D3-BF4B-00C04F79EFBC}") = "InvoiceApp", "SingleResponsibility\InvoiceApp\InvoiceApp.csproj", "{05BDA394-7678-4B2B-827C-FD86F58A2FAC}"
EndProject
Project("{FAE04EC0-301F-11D3-BF4B-00C04F79EFBC}") = "InvoiceApp.Tests", "SingleResponsibility\InvoiceApp.Tests\InvoiceApp.Tests.csproj", "{650652ED-C388-4D8B-BC4A-A586F7E13F4A}"
EndProject
Project("{2150E333-8FDC-42A3-9474-1A3956D46DE8}") = "Exam1", "Exam1", "{2DD95626-B804-467C-B86F-F68A6AD545E6}"
EndProject
Project("{2150E333-8FDC-42A3-9474-1A3956D46DE8}") = "src", "src", "{B70F8C83-766D-4D5F-BDF6-2CCDC92B4846}"
EndProject
Project("{FAE04EC0-301F-11D3-BF4B-00C04F79EFBC}") = "Problem1", "Exam1\src\Problem1\Problem1.csproj", "{7353F0A0-DE7F-4087-9C12-4EA39B46B6BE}"
EndProject
Project("{FAE04EC0-301F-11D3-BF4B-00C04F79EFBC}") = "Problem2", "Exam1\src\Problem2\Problem2.csproj", "{B235F226-04C2-4F53-93DC-AEA70E4E8DE8}"
EndProject
Project("{FAE04EC0-301F-11D3-BF4B-00C04F79EFBC}") = "Problem3", "Exam1\src\Problem3\Problem3.csproj", "{69EFEBE2-E4EF-4D3F-BFA3-39BD87925601}"
EndProject
Project("{FAE04EC0-301F-11D3-BF4B-00C04F79EFBC}") = "Problem4", "Exam1\src\Problem4\Problem4.csproj", "{7F6669F4-81CC-474F-AFFA-6DCBFF9CDCFF}"
EndProject
Project("{2150E333-8FDC-42A3-9474-1A3956D46DE8}") = "tests", "tests", "{465892E0-F661-4954-B02F-40C5BD7BA3A5}"
EndProject
Project("{FAE04EC0-301F-11D3-BF4B-00C04F79EFBC}") = "Problem1.Tests", "Exam1\tests\Problem1.Tests\Problem1.Tests.csproj", "{3022D73D-28E5-4BBB-ADE7-AB3EED9945E2}"
EndProject
Project("{FAE04EC0-301F-11D3-BF4B-00C04F79EFBC}") = "Problem2.Tests", "Exam1\tests\Problem2.Tests\Problem2.Tests.csproj", "{CF1DDDFF-6E8C-492B-BB67-CDB51CA89048}"
EndProject
Project("{FAE04EC0-301F-11D3-BF4B-00C04F79EFBC}") = "Problem3.Tests", "Exam1\tests\Problem3.Tests\Problem3.Tests.csproj", "{6A09C806-7394-43A7-A397-83E2D923FCE8}"
EndProject
Project("{FAE04EC0-301F-11D3-BF4B-00C04F79EFBC}") = "Problem4.Tests", "Exam1\tests\Problem4.Tests\Problem4.Tests.csproj", "{FEE10423-8B45-4E13-86CF-AC8E25223C90}"
EndProject
Project("{2150E333-8FDC-42A3-9474-1A3956D46DE8}") = "InterfaceSegregation", "InterfaceSegregation", "{F3B1C0A0-36D5-4A3C-8857-B27E1CE94DE8}"
EndProject
Project("{FAE04EC0-301F-11D3-BF4B-00C04F79EFBC}") = "NotificationApp", "InterfaceSegregation\NotificationApp\NotificationApp.csproj", "{5FB0BB44-771C-4180-86A8-8553BD982803}"
EndProject
Project("{FAE04EC0-301F-11D3-BF4B-00C04F79EFBC}") = "NotificationApp.Tests", "InterfaceSegregation\NotificationApp.Tests\NotificationApp.Tests.csproj", "{0E69C6F8-01F9-4A9A-A22D-C643A5401909}"
EndProject
Project("{2150E333-8FDC-42A3-9474-1A3956D46DE8}") = "LiskovSubstitution", "LiskovSubstitution", "{DFC21AC9-4DBD-4E41-8D35-73C02D6090BC}"
EndProject
Project("{FAE04EC0-301F-11D3-BF4B-00C04F79EFBC}") = "PaymentApp", "LiskovSubstitution\PaymentApp\PaymentApp.csproj", "{07D0E9C7-2E20-4E26-BA5D-715084688CAE}"
EndProject
Project("{FAE04EC0-301F-11D3-BF4B-00C04F79EFBC}") = "PaymentApp.Tests", "LiskovSubstitution\PaymentApp.Tests\PaymentApp.Tests.csproj", "{A9BAFF59-261D-4314-9DFA-707DA70FD317}"
EndProject
Project("{2150E333-8FDC-42A3-9474-1A3956D46DE8}") = "OpenClosed", "OpenClosed", "{F1F62897-DCB7-4812-A6BD-A438510F9383}"
EndProject
Project("{FAE04EC0-301F-11D3-BF4B-00C04F79EFBC}") = "ProductExportApp", "OpenClosed\ProductExportApp\ProductExportApp.csproj", "{1B3AB8DC-5B65-4309-9944-19F7101D0851}"
EndProject
Project("{FAE04EC0-301F-11D3-BF4B-00C04F79EFBC}") = "ProductExportApp.Tests", "OpenClosed\ProductExportApp.Tests\ProductExportApp.Tests.csproj", "{7EF4FD1E-C584-468D-A79E-2CE2B76D82A0}"
EndProject
Project("{2150E333-8FDC-42A3-9474-1A3956D46DE8}") = "DependencyInversion", "DependencyInversion", "{9B23C30C-1CC0-4DCD-993C-F91F5CDE13DB}"
EndProject
Project("{FAE04EC0-301F-11D3-BF4B-00C04F79EFBC}") = "WeatherApp", "DependencyInversion\WeatherApp\WeatherApp.csproj", "{B1B1403F-D923-41D2-8CF6-07D66D7E7E4B}"
EndProject
Project("{FAE04EC0-301F-11D3-BF4B-00C04F79EFBC}") = "WeatherApp.Tests", "DependencyInversion\WeatherApp.Tests\WeatherApp.Tests.csproj", "{7B612FBA-6582-438B-B7DC-C34B3D9B9643}"
EndProject
Project("{2150E333-8FDC-42A3-9474-1A3956D46DE8}") = "DesignPatterns", "DesignPatterns", "{69AAAEC5-4617-4C41-A6F6-3A8490B34822}"
EndProject
Project("{2150E333-8FDC-42A3-9474-1A3956D46DE8}") = "AbstractFactory", "AbstractFactory", "{8E25E9AB-9B97-407F-9A1F-443B33CEF548}"
EndProject
Project("{FAE04EC0-301F-11D3-BF4B-00C04F79EFBC}") = "CrossPlatform.Tests", "DesignPatterns\AbstractFactory\CrossPlatform.Tests\CrossPlatform.Tests.csproj", "{9263B72F-3AA3-46F1-9339-2837308BE43D}"
EndProject
Project("{2150E333-8FDC-42A3-9474-1A3956D46DE8}") = "TemplateMethod", "TemplateMethod", "{F6E7564B-2A09-434E-A6B2-B740C344CD5A}"
EndProject
Project("{FAE04EC0-301F-11D3-BF4B-00C04F79EFBC}") = "ReportGenerationSystem.Tests", "DesignPatterns\TemplateMethod\ReportGenerationSystem.Tests\ReportGenerationSystem.Tests.csproj", "{008FD77A-2E9D-4B35-8186-D063D1D933B0}"
EndProject
Project("{FAE04EC0-301F-11D3-BF4B-00C04F79EFBC}") = "ReportGenerationSystem", "DesignPatterns\TemplateMethod\ReportGenerationSystem\ReportGenerationSystem.csproj", "{18867F63-AF9C-46B6-925E-35A1908BABC1}"
EndProject
Project("{2150E333-8FDC-42A3-9474-1A3956D46DE8}") = "Decorator", "Decorator", "{C312C3E8-5BF7-4D7B-8A91-CC188A9403DB}"
EndProject
Project("{FAE04EC0-301F-11D3-BF4B-00C04F79EFBC}") = "CoffeeShop.Tests", "DesignPatterns\Decorator\CoffeeShop.Tests\CoffeeShop.Tests.csproj", "{9D754C41-8891-4DDF-95F5-4460C64DB03A}"
EndProject
Project("{FAE04EC0-301F-11D3-BF4B-00C04F79EFBC}") = "CoffeeShop", "DesignPatterns\Decorator\CoffeeShop\CoffeeShop.csproj", "{D8DACB80-04BE-475A-8055-41EB2119B130}"
EndProject
Project("{2150E333-8FDC-42A3-9474-1A3956D46DE8}") = "Builder", "Builder", "{D88B6B34-4B1C-41B6-9239-49A1003C8B63}"
EndProject
Project("{FAE04EC0-301F-11D3-BF4B-00C04F79EFBC}") = "SQLQueryBuilder.Tests", "DesignPatterns\Builder\SQLQueryBuilder.Tests\SQLQueryBuilder.Tests.csproj", "{4CAE1C5D-8F57-4D13-90E7-FF1B2EE3FC1F}"
EndProject
Project("{FAE04EC0-301F-11D3-BF4B-00C04F79EFBC}") = "SQLQueryBuilder", "DesignPatterns\Builder\SQLQueryBuilder\SQLQueryBuilder.csproj", "{714D9F7D-CCAE-404E-A7D0-B6C01B422E85}"
EndProject
Project("{2150E333-8FDC-42A3-9474-1A3956D46DE8}") = "FactoryMethod", "FactoryMethod", "{3D00AC2F-AC40-44B2-AE5B-DD3E94148053}"
EndProject
Project("{FAE04EC0-301F-11D3-BF4B-00C04F79EFBC}") = "DocumentProcessor", "DesignPatterns\FactoryMethod\DocumentProcessor\DocumentProcessor.csproj", "{45918612-8F39-4B07-8928-8F6D4535FDDD}"
EndProject
Project("{FAE04EC0-301F-11D3-BF4B-00C04F79EFBC}") = "DocumentProcessor.Tests", "DesignPatterns\FactoryMethod\DocumentProcessor.Tests\DocumentProcessor.Tests.csproj", "{544662CB-19C7-4B65-944F-7509C538835A}"
EndProject
Project("{FAE04EC0-301F-11D3-BF4B-00C04F79EFBC}") = "CrossPlatform", "DesignPatterns\AbstractFactory\CrossPlatform\CrossPlatform.csproj", "{8E92DFB7-6395-4125-9E10-D071AD174415}"
EndProject
Project("{2150E333-8FDC-42A3-9474-1A3956D46DE8}") = "Exam2", "Exam2", "{2B69277A-77A1-404C-8CFE-1C1C248DFE48}"
EndProject
Project("{2150E333-8FDC-42A3-9474-1A3956D46DE8}") = "SecondExercise", "SecondExercise", "{07291B81-3D65-4580-ADBF-B29735E15695}"
EndProject
Project("{FAE04EC0-301F-11D3-BF4B-00C04F79EFBC}") = "ShoppingCartSystem", "Exam2\SecondExercise\ShoppingCartSystem\ShoppingCartSystem.csproj", "{31195B9B-3541-480A-9E18-1719E635764A}"
EndProject
Project("{FAE04EC0-301F-11D3-BF4B-00C04F79EFBC}") = "ShoppingCartSystem.Tests", "Exam2\SecondExercise\ShoppingCartSystem.Tests\ShoppingCartSystem.Tests.csproj", "{3DFEABD9-0212-48B6-9B22-64D3E4A29589}"
EndProject
Project("{2150E333-8FDC-42A3-9474-1A3956D46DE8}") = "FirstExcercise", "FirstExcercise", "{887ECF32-E0B7-4542-90FD-3C61B6126C99}"
EndProject
Project("{FAE04EC0-301F-11D3-BF4B-00C04F79EFBC}") = "EmployeeManagementSystem.Tests", "Exam2\FirstExcercise\EmployeeManagementSystem.Tests\EmployeeManagementSystem.Tests.csproj", "{3E4D2761-35AC-404C-BF66-AA135C547A26}"
EndProject
Project("{FAE04EC0-301F-11D3-BF4B-00C04F79EFBC}") = "EmployeeManagementSystem", "Exam2\FirstExcercise\EmployeeManagementSystem\EmployeeManagementSystem.csproj", "{671F44F7-B375-4526-8BA4-42293438D67B}"
EndProject
Global
	GlobalSection(SolutionConfigurationPlatforms) = preSolution
		Debug|Any CPU = Debug|Any CPU
		Release|Any CPU = Release|Any CPU
	EndGlobalSection
	GlobalSection(SolutionProperties) = preSolution
		HideSolutionNode = FALSE
	EndGlobalSection
	GlobalSection(ProjectConfigurationPlatforms) = postSolution
		{0770097D-8C8B-4B38-B5A2-B3A8118C52D5}.Debug|Any CPU.ActiveCfg = Debug|Any CPU
		{0770097D-8C8B-4B38-B5A2-B3A8118C52D5}.Debug|Any CPU.Build.0 = Debug|Any CPU
		{0770097D-8C8B-4B38-B5A2-B3A8118C52D5}.Release|Any CPU.ActiveCfg = Release|Any CPU
		{0770097D-8C8B-4B38-B5A2-B3A8118C52D5}.Release|Any CPU.Build.0 = Release|Any CPU
		{025AC920-F7A9-43B0-A3BB-3A7059DAF29C}.Debug|Any CPU.ActiveCfg = Debug|Any CPU
		{025AC920-F7A9-43B0-A3BB-3A7059DAF29C}.Debug|Any CPU.Build.0 = Debug|Any CPU
		{025AC920-F7A9-43B0-A3BB-3A7059DAF29C}.Release|Any CPU.ActiveCfg = Release|Any CPU
		{025AC920-F7A9-43B0-A3BB-3A7059DAF29C}.Release|Any CPU.Build.0 = Release|Any CPU
		{517CC277-5FB7-4AE7-B8E8-BCCAB8C9917C}.Debug|Any CPU.ActiveCfg = Debug|Any CPU
		{517CC277-5FB7-4AE7-B8E8-BCCAB8C9917C}.Debug|Any CPU.Build.0 = Debug|Any CPU
		{517CC277-5FB7-4AE7-B8E8-BCCAB8C9917C}.Release|Any CPU.ActiveCfg = Release|Any CPU
		{517CC277-5FB7-4AE7-B8E8-BCCAB8C9917C}.Release|Any CPU.Build.0 = Release|Any CPU
		{1124242B-B81F-41D5-A437-E05B9FAB7A07}.Debug|Any CPU.ActiveCfg = Debug|Any CPU
		{1124242B-B81F-41D5-A437-E05B9FAB7A07}.Debug|Any CPU.Build.0 = Debug|Any CPU
		{1124242B-B81F-41D5-A437-E05B9FAB7A07}.Release|Any CPU.ActiveCfg = Release|Any CPU
		{1124242B-B81F-41D5-A437-E05B9FAB7A07}.Release|Any CPU.Build.0 = Release|Any CPU
		{52235052-6EEA-46B2-806F-5FBADE25E800}.Debug|Any CPU.ActiveCfg = Debug|Any CPU
		{52235052-6EEA-46B2-806F-5FBADE25E800}.Debug|Any CPU.Build.0 = Debug|Any CPU
		{52235052-6EEA-46B2-806F-5FBADE25E800}.Release|Any CPU.ActiveCfg = Release|Any CPU
		{52235052-6EEA-46B2-806F-5FBADE25E800}.Release|Any CPU.Build.0 = Release|Any CPU
		{B2C8C805-3325-4077-97D6-9204930F3144}.Debug|Any CPU.ActiveCfg = Debug|Any CPU
		{B2C8C805-3325-4077-97D6-9204930F3144}.Debug|Any CPU.Build.0 = Debug|Any CPU
		{B2C8C805-3325-4077-97D6-9204930F3144}.Release|Any CPU.ActiveCfg = Release|Any CPU
		{B2C8C805-3325-4077-97D6-9204930F3144}.Release|Any CPU.Build.0 = Release|Any CPU
		{05BDA394-7678-4B2B-827C-FD86F58A2FAC}.Debug|Any CPU.ActiveCfg = Debug|Any CPU
		{05BDA394-7678-4B2B-827C-FD86F58A2FAC}.Debug|Any CPU.Build.0 = Debug|Any CPU
		{05BDA394-7678-4B2B-827C-FD86F58A2FAC}.Release|Any CPU.ActiveCfg = Release|Any CPU
		{05BDA394-7678-4B2B-827C-FD86F58A2FAC}.Release|Any CPU.Build.0 = Release|Any CPU
		{650652ED-C388-4D8B-BC4A-A586F7E13F4A}.Debug|Any CPU.ActiveCfg = Debug|Any CPU
		{650652ED-C388-4D8B-BC4A-A586F7E13F4A}.Debug|Any CPU.Build.0 = Debug|Any CPU
		{650652ED-C388-4D8B-BC4A-A586F7E13F4A}.Release|Any CPU.ActiveCfg = Release|Any CPU
		{650652ED-C388-4D8B-BC4A-A586F7E13F4A}.Release|Any CPU.Build.0 = Release|Any CPU
		{7353F0A0-DE7F-4087-9C12-4EA39B46B6BE}.Debug|Any CPU.ActiveCfg = Debug|Any CPU
		{7353F0A0-DE7F-4087-9C12-4EA39B46B6BE}.Debug|Any CPU.Build.0 = Debug|Any CPU
		{7353F0A0-DE7F-4087-9C12-4EA39B46B6BE}.Release|Any CPU.ActiveCfg = Release|Any CPU
		{7353F0A0-DE7F-4087-9C12-4EA39B46B6BE}.Release|Any CPU.Build.0 = Release|Any CPU
		{B235F226-04C2-4F53-93DC-AEA70E4E8DE8}.Debug|Any CPU.ActiveCfg = Debug|Any CPU
		{B235F226-04C2-4F53-93DC-AEA70E4E8DE8}.Debug|Any CPU.Build.0 = Debug|Any CPU
		{B235F226-04C2-4F53-93DC-AEA70E4E8DE8}.Release|Any CPU.ActiveCfg = Release|Any CPU
		{B235F226-04C2-4F53-93DC-AEA70E4E8DE8}.Release|Any CPU.Build.0 = Release|Any CPU
		{69EFEBE2-E4EF-4D3F-BFA3-39BD87925601}.Debug|Any CPU.ActiveCfg = Debug|Any CPU
		{69EFEBE2-E4EF-4D3F-BFA3-39BD87925601}.Debug|Any CPU.Build.0 = Debug|Any CPU
		{69EFEBE2-E4EF-4D3F-BFA3-39BD87925601}.Release|Any CPU.ActiveCfg = Release|Any CPU
		{69EFEBE2-E4EF-4D3F-BFA3-39BD87925601}.Release|Any CPU.Build.0 = Release|Any CPU
		{7F6669F4-81CC-474F-AFFA-6DCBFF9CDCFF}.Debug|Any CPU.ActiveCfg = Debug|Any CPU
		{7F6669F4-81CC-474F-AFFA-6DCBFF9CDCFF}.Debug|Any CPU.Build.0 = Debug|Any CPU
		{7F6669F4-81CC-474F-AFFA-6DCBFF9CDCFF}.Release|Any CPU.ActiveCfg = Release|Any CPU
		{7F6669F4-81CC-474F-AFFA-6DCBFF9CDCFF}.Release|Any CPU.Build.0 = Release|Any CPU
		{3022D73D-28E5-4BBB-ADE7-AB3EED9945E2}.Debug|Any CPU.ActiveCfg = Debug|Any CPU
		{3022D73D-28E5-4BBB-ADE7-AB3EED9945E2}.Debug|Any CPU.Build.0 = Debug|Any CPU
		{3022D73D-28E5-4BBB-ADE7-AB3EED9945E2}.Release|Any CPU.ActiveCfg = Release|Any CPU
		{3022D73D-28E5-4BBB-ADE7-AB3EED9945E2}.Release|Any CPU.Build.0 = Release|Any CPU
		{CF1DDDFF-6E8C-492B-BB67-CDB51CA89048}.Debug|Any CPU.ActiveCfg = Debug|Any CPU
		{CF1DDDFF-6E8C-492B-BB67-CDB51CA89048}.Debug|Any CPU.Build.0 = Debug|Any CPU
		{CF1DDDFF-6E8C-492B-BB67-CDB51CA89048}.Release|Any CPU.ActiveCfg = Release|Any CPU
		{CF1DDDFF-6E8C-492B-BB67-CDB51CA89048}.Release|Any CPU.Build.0 = Release|Any CPU
		{6A09C806-7394-43A7-A397-83E2D923FCE8}.Debug|Any CPU.ActiveCfg = Debug|Any CPU
		{6A09C806-7394-43A7-A397-83E2D923FCE8}.Debug|Any CPU.Build.0 = Debug|Any CPU
		{6A09C806-7394-43A7-A397-83E2D923FCE8}.Release|Any CPU.ActiveCfg = Release|Any CPU
		{6A09C806-7394-43A7-A397-83E2D923FCE8}.Release|Any CPU.Build.0 = Release|Any CPU
		{FEE10423-8B45-4E13-86CF-AC8E25223C90}.Debug|Any CPU.ActiveCfg = Debug|Any CPU
		{FEE10423-8B45-4E13-86CF-AC8E25223C90}.Debug|Any CPU.Build.0 = Debug|Any CPU
		{FEE10423-8B45-4E13-86CF-AC8E25223C90}.Release|Any CPU.ActiveCfg = Release|Any CPU
		{FEE10423-8B45-4E13-86CF-AC8E25223C90}.Release|Any CPU.Build.0 = Release|Any CPU
		{5FB0BB44-771C-4180-86A8-8553BD982803}.Debug|Any CPU.ActiveCfg = Debug|Any CPU
		{5FB0BB44-771C-4180-86A8-8553BD982803}.Debug|Any CPU.Build.0 = Debug|Any CPU
		{5FB0BB44-771C-4180-86A8-8553BD982803}.Release|Any CPU.ActiveCfg = Release|Any CPU
		{5FB0BB44-771C-4180-86A8-8553BD982803}.Release|Any CPU.Build.0 = Release|Any CPU
		{0E69C6F8-01F9-4A9A-A22D-C643A5401909}.Debug|Any CPU.ActiveCfg = Debug|Any CPU
		{0E69C6F8-01F9-4A9A-A22D-C643A5401909}.Debug|Any CPU.Build.0 = Debug|Any CPU
		{0E69C6F8-01F9-4A9A-A22D-C643A5401909}.Release|Any CPU.ActiveCfg = Release|Any CPU
		{0E69C6F8-01F9-4A9A-A22D-C643A5401909}.Release|Any CPU.Build.0 = Release|Any CPU
		{07D0E9C7-2E20-4E26-BA5D-715084688CAE}.Debug|Any CPU.ActiveCfg = Debug|Any CPU
		{07D0E9C7-2E20-4E26-BA5D-715084688CAE}.Debug|Any CPU.Build.0 = Debug|Any CPU
		{07D0E9C7-2E20-4E26-BA5D-715084688CAE}.Release|Any CPU.ActiveCfg = Release|Any CPU
		{07D0E9C7-2E20-4E26-BA5D-715084688CAE}.Release|Any CPU.Build.0 = Release|Any CPU
		{A9BAFF59-261D-4314-9DFA-707DA70FD317}.Debug|Any CPU.ActiveCfg = Debug|Any CPU
		{A9BAFF59-261D-4314-9DFA-707DA70FD317}.Debug|Any CPU.Build.0 = Debug|Any CPU
		{A9BAFF59-261D-4314-9DFA-707DA70FD317}.Release|Any CPU.ActiveCfg = Release|Any CPU
		{A9BAFF59-261D-4314-9DFA-707DA70FD317}.Release|Any CPU.Build.0 = Release|Any CPU
		{1B3AB8DC-5B65-4309-9944-19F7101D0851}.Debug|Any CPU.ActiveCfg = Debug|Any CPU
		{1B3AB8DC-5B65-4309-9944-19F7101D0851}.Debug|Any CPU.Build.0 = Debug|Any CPU
		{1B3AB8DC-5B65-4309-9944-19F7101D0851}.Release|Any CPU.ActiveCfg = Release|Any CPU
		{1B3AB8DC-5B65-4309-9944-19F7101D0851}.Release|Any CPU.Build.0 = Release|Any CPU
		{7EF4FD1E-C584-468D-A79E-2CE2B76D82A0}.Debug|Any CPU.ActiveCfg = Debug|Any CPU
		{7EF4FD1E-C584-468D-A79E-2CE2B76D82A0}.Debug|Any CPU.Build.0 = Debug|Any CPU
		{7EF4FD1E-C584-468D-A79E-2CE2B76D82A0}.Release|Any CPU.ActiveCfg = Release|Any CPU
		{7EF4FD1E-C584-468D-A79E-2CE2B76D82A0}.Release|Any CPU.Build.0 = Release|Any CPU
		{B1B1403F-D923-41D2-8CF6-07D66D7E7E4B}.Debug|Any CPU.ActiveCfg = Debug|Any CPU
		{B1B1403F-D923-41D2-8CF6-07D66D7E7E4B}.Debug|Any CPU.Build.0 = Debug|Any CPU
		{B1B1403F-D923-41D2-8CF6-07D66D7E7E4B}.Release|Any CPU.ActiveCfg = Release|Any CPU
		{B1B1403F-D923-41D2-8CF6-07D66D7E7E4B}.Release|Any CPU.Build.0 = Release|Any CPU
		{7B612FBA-6582-438B-B7DC-C34B3D9B9643}.Debug|Any CPU.ActiveCfg = Debug|Any CPU
		{7B612FBA-6582-438B-B7DC-C34B3D9B9643}.Debug|Any CPU.Build.0 = Debug|Any CPU
		{7B612FBA-6582-438B-B7DC-C34B3D9B9643}.Release|Any CPU.ActiveCfg = Release|Any CPU
		{7B612FBA-6582-438B-B7DC-C34B3D9B9643}.Release|Any CPU.Build.0 = Release|Any CPU
		{9263B72F-3AA3-46F1-9339-2837308BE43D}.Debug|Any CPU.ActiveCfg = Debug|Any CPU
		{9263B72F-3AA3-46F1-9339-2837308BE43D}.Debug|Any CPU.Build.0 = Debug|Any CPU
		{9263B72F-3AA3-46F1-9339-2837308BE43D}.Release|Any CPU.ActiveCfg = Release|Any CPU
		{9263B72F-3AA3-46F1-9339-2837308BE43D}.Release|Any CPU.Build.0 = Release|Any CPU
		{008FD77A-2E9D-4B35-8186-D063D1D933B0}.Debug|Any CPU.ActiveCfg = Debug|Any CPU
		{008FD77A-2E9D-4B35-8186-D063D1D933B0}.Debug|Any CPU.Build.0 = Debug|Any CPU
		{008FD77A-2E9D-4B35-8186-D063D1D933B0}.Release|Any CPU.ActiveCfg = Release|Any CPU
		{008FD77A-2E9D-4B35-8186-D063D1D933B0}.Release|Any CPU.Build.0 = Release|Any CPU
		{18867F63-AF9C-46B6-925E-35A1908BABC1}.Debug|Any CPU.ActiveCfg = Debug|Any CPU
		{18867F63-AF9C-46B6-925E-35A1908BABC1}.Debug|Any CPU.Build.0 = Debug|Any CPU
		{18867F63-AF9C-46B6-925E-35A1908BABC1}.Release|Any CPU.ActiveCfg = Release|Any CPU
		{18867F63-AF9C-46B6-925E-35A1908BABC1}.Release|Any CPU.Build.0 = Release|Any CPU
		{9D754C41-8891-4DDF-95F5-4460C64DB03A}.Debug|Any CPU.ActiveCfg = Debug|Any CPU
		{9D754C41-8891-4DDF-95F5-4460C64DB03A}.Debug|Any CPU.Build.0 = Debug|Any CPU
		{9D754C41-8891-4DDF-95F5-4460C64DB03A}.Release|Any CPU.ActiveCfg = Release|Any CPU
		{9D754C41-8891-4DDF-95F5-4460C64DB03A}.Release|Any CPU.Build.0 = Release|Any CPU
		{D8DACB80-04BE-475A-8055-41EB2119B130}.Debug|Any CPU.ActiveCfg = Debug|Any CPU
		{D8DACB80-04BE-475A-8055-41EB2119B130}.Debug|Any CPU.Build.0 = Debug|Any CPU
		{D8DACB80-04BE-475A-8055-41EB2119B130}.Release|Any CPU.ActiveCfg = Release|Any CPU
		{D8DACB80-04BE-475A-8055-41EB2119B130}.Release|Any CPU.Build.0 = Release|Any CPU
		{4CAE1C5D-8F57-4D13-90E7-FF1B2EE3FC1F}.Debug|Any CPU.ActiveCfg = Debug|Any CPU
		{4CAE1C5D-8F57-4D13-90E7-FF1B2EE3FC1F}.Debug|Any CPU.Build.0 = Debug|Any CPU
		{4CAE1C5D-8F57-4D13-90E7-FF1B2EE3FC1F}.Release|Any CPU.ActiveCfg = Release|Any CPU
		{4CAE1C5D-8F57-4D13-90E7-FF1B2EE3FC1F}.Release|Any CPU.Build.0 = Release|Any CPU
		{714D9F7D-CCAE-404E-A7D0-B6C01B422E85}.Debug|Any CPU.ActiveCfg = Debug|Any CPU
		{714D9F7D-CCAE-404E-A7D0-B6C01B422E85}.Debug|Any CPU.Build.0 = Debug|Any CPU
		{714D9F7D-CCAE-404E-A7D0-B6C01B422E85}.Release|Any CPU.ActiveCfg = Release|Any CPU
		{714D9F7D-CCAE-404E-A7D0-B6C01B422E85}.Release|Any CPU.Build.0 = Release|Any CPU
		{45918612-8F39-4B07-8928-8F6D4535FDDD}.Debug|Any CPU.ActiveCfg = Debug|Any CPU
		{45918612-8F39-4B07-8928-8F6D4535FDDD}.Debug|Any CPU.Build.0 = Debug|Any CPU
		{45918612-8F39-4B07-8928-8F6D4535FDDD}.Release|Any CPU.ActiveCfg = Release|Any CPU
		{45918612-8F39-4B07-8928-8F6D4535FDDD}.Release|Any CPU.Build.0 = Release|Any CPU
		{544662CB-19C7-4B65-944F-7509C538835A}.Debug|Any CPU.ActiveCfg = Debug|Any CPU
		{544662CB-19C7-4B65-944F-7509C538835A}.Debug|Any CPU.Build.0 = Debug|Any CPU
		{544662CB-19C7-4B65-944F-7509C538835A}.Release|Any CPU.ActiveCfg = Release|Any CPU
		{544662CB-19C7-4B65-944F-7509C538835A}.Release|Any CPU.Build.0 = Release|Any CPU
		{8E92DFB7-6395-4125-9E10-D071AD174415}.Debug|Any CPU.ActiveCfg = Debug|Any CPU
		{8E92DFB7-6395-4125-9E10-D071AD174415}.Debug|Any CPU.Build.0 = Debug|Any CPU
		{8E92DFB7-6395-4125-9E10-D071AD174415}.Release|Any CPU.ActiveCfg = Release|Any CPU
		{8E92DFB7-6395-4125-9E10-D071AD174415}.Release|Any CPU.Build.0 = Release|Any CPU
		{31195B9B-3541-480A-9E18-1719E635764A}.Debug|Any CPU.ActiveCfg = Debug|Any CPU
		{31195B9B-3541-480A-9E18-1719E635764A}.Debug|Any CPU.Build.0 = Debug|Any CPU
		{31195B9B-3541-480A-9E18-1719E635764A}.Release|Any CPU.ActiveCfg = Release|Any CPU
		{31195B9B-3541-480A-9E18-1719E635764A}.Release|Any CPU.Build.0 = Release|Any CPU
		{3DFEABD9-0212-48B6-9B22-64D3E4A29589}.Debug|Any CPU.ActiveCfg = Debug|Any CPU
		{3DFEABD9-0212-48B6-9B22-64D3E4A29589}.Debug|Any CPU.Build.0 = Debug|Any CPU
		{3DFEABD9-0212-48B6-9B22-64D3E4A29589}.Release|Any CPU.ActiveCfg = Release|Any CPU
		{3DFEABD9-0212-48B6-9B22-64D3E4A29589}.Release|Any CPU.Build.0 = Release|Any CPU
		{3E4D2761-35AC-404C-BF66-AA135C547A26}.Debug|Any CPU.ActiveCfg = Debug|Any CPU
		{3E4D2761-35AC-404C-BF66-AA135C547A26}.Debug|Any CPU.Build.0 = Debug|Any CPU
		{3E4D2761-35AC-404C-BF66-AA135C547A26}.Release|Any CPU.ActiveCfg = Release|Any CPU
		{3E4D2761-35AC-404C-BF66-AA135C547A26}.Release|Any CPU.Build.0 = Release|Any CPU
		{671F44F7-B375-4526-8BA4-42293438D67B}.Debug|Any CPU.ActiveCfg = Debug|Any CPU
		{671F44F7-B375-4526-8BA4-42293438D67B}.Debug|Any CPU.Build.0 = Debug|Any CPU
		{671F44F7-B375-4526-8BA4-42293438D67B}.Release|Any CPU.ActiveCfg = Release|Any CPU
		{671F44F7-B375-4526-8BA4-42293438D67B}.Release|Any CPU.Build.0 = Release|Any CPU
	EndGlobalSection
	GlobalSection(NestedProjects) = preSolution
		{0770097D-8C8B-4B38-B5A2-B3A8118C52D5} = {86F2628C-7C65-4C85-8DDA-76D4290279FA}
		{025AC920-F7A9-43B0-A3BB-3A7059DAF29C} = {86F2628C-7C65-4C85-8DDA-76D4290279FA}
		{517CC277-5FB7-4AE7-B8E8-BCCAB8C9917C} = {291CFCBF-015C-44D7-87A6-1D694FD759B3}
		{1124242B-B81F-41D5-A437-E05B9FAB7A07} = {291CFCBF-015C-44D7-87A6-1D694FD759B3}
		{52235052-6EEA-46B2-806F-5FBADE25E800} = {3AD1A9CA-D5DC-46C3-B850-C529CCCB5195}
		{B2C8C805-3325-4077-97D6-9204930F3144} = {3AD1A9CA-D5DC-46C3-B850-C529CCCB5195}
		{05BDA394-7678-4B2B-827C-FD86F58A2FAC} = {2C187AAD-C1FE-4333-B25A-E1E5BE3A76CB}
		{650652ED-C388-4D8B-BC4A-A586F7E13F4A} = {2C187AAD-C1FE-4333-B25A-E1E5BE3A76CB}
		{B70F8C83-766D-4D5F-BDF6-2CCDC92B4846} = {2DD95626-B804-467C-B86F-F68A6AD545E6}
		{7353F0A0-DE7F-4087-9C12-4EA39B46B6BE} = {B70F8C83-766D-4D5F-BDF6-2CCDC92B4846}
		{B235F226-04C2-4F53-93DC-AEA70E4E8DE8} = {B70F8C83-766D-4D5F-BDF6-2CCDC92B4846}
		{69EFEBE2-E4EF-4D3F-BFA3-39BD87925601} = {B70F8C83-766D-4D5F-BDF6-2CCDC92B4846}
		{7F6669F4-81CC-474F-AFFA-6DCBFF9CDCFF} = {B70F8C83-766D-4D5F-BDF6-2CCDC92B4846}
		{465892E0-F661-4954-B02F-40C5BD7BA3A5} = {2DD95626-B804-467C-B86F-F68A6AD545E6}
		{3022D73D-28E5-4BBB-ADE7-AB3EED9945E2} = {465892E0-F661-4954-B02F-40C5BD7BA3A5}
		{CF1DDDFF-6E8C-492B-BB67-CDB51CA89048} = {465892E0-F661-4954-B02F-40C5BD7BA3A5}
		{6A09C806-7394-43A7-A397-83E2D923FCE8} = {465892E0-F661-4954-B02F-40C5BD7BA3A5}
		{FEE10423-8B45-4E13-86CF-AC8E25223C90} = {465892E0-F661-4954-B02F-40C5BD7BA3A5}
		{5FB0BB44-771C-4180-86A8-8553BD982803} = {F3B1C0A0-36D5-4A3C-8857-B27E1CE94DE8}
		{0E69C6F8-01F9-4A9A-A22D-C643A5401909} = {F3B1C0A0-36D5-4A3C-8857-B27E1CE94DE8}
		{07D0E9C7-2E20-4E26-BA5D-715084688CAE} = {DFC21AC9-4DBD-4E41-8D35-73C02D6090BC}
		{A9BAFF59-261D-4314-9DFA-707DA70FD317} = {DFC21AC9-4DBD-4E41-8D35-73C02D6090BC}
		{1B3AB8DC-5B65-4309-9944-19F7101D0851} = {F1F62897-DCB7-4812-A6BD-A438510F9383}
		{7EF4FD1E-C584-468D-A79E-2CE2B76D82A0} = {F1F62897-DCB7-4812-A6BD-A438510F9383}
		{B1B1403F-D923-41D2-8CF6-07D66D7E7E4B} = {9B23C30C-1CC0-4DCD-993C-F91F5CDE13DB}
		{7B612FBA-6582-438B-B7DC-C34B3D9B9643} = {9B23C30C-1CC0-4DCD-993C-F91F5CDE13DB}
		{8E25E9AB-9B97-407F-9A1F-443B33CEF548} = {69AAAEC5-4617-4C41-A6F6-3A8490B34822}
		{9263B72F-3AA3-46F1-9339-2837308BE43D} = {8E25E9AB-9B97-407F-9A1F-443B33CEF548}
		{F6E7564B-2A09-434E-A6B2-B740C344CD5A} = {69AAAEC5-4617-4C41-A6F6-3A8490B34822}
		{008FD77A-2E9D-4B35-8186-D063D1D933B0} = {F6E7564B-2A09-434E-A6B2-B740C344CD5A}
		{18867F63-AF9C-46B6-925E-35A1908BABC1} = {F6E7564B-2A09-434E-A6B2-B740C344CD5A}
		{C312C3E8-5BF7-4D7B-8A91-CC188A9403DB} = {69AAAEC5-4617-4C41-A6F6-3A8490B34822}
		{9D754C41-8891-4DDF-95F5-4460C64DB03A} = {C312C3E8-5BF7-4D7B-8A91-CC188A9403DB}
		{D8DACB80-04BE-475A-8055-41EB2119B130} = {C312C3E8-5BF7-4D7B-8A91-CC188A9403DB}
		{D88B6B34-4B1C-41B6-9239-49A1003C8B63} = {69AAAEC5-4617-4C41-A6F6-3A8490B34822}
		{4CAE1C5D-8F57-4D13-90E7-FF1B2EE3FC1F} = {D88B6B34-4B1C-41B6-9239-49A1003C8B63}
		{714D9F7D-CCAE-404E-A7D0-B6C01B422E85} = {D88B6B34-4B1C-41B6-9239-49A1003C8B63}
		{3D00AC2F-AC40-44B2-AE5B-DD3E94148053} = {69AAAEC5-4617-4C41-A6F6-3A8490B34822}
		{45918612-8F39-4B07-8928-8F6D4535FDDD} = {3D00AC2F-AC40-44B2-AE5B-DD3E94148053}
		{544662CB-19C7-4B65-944F-7509C538835A} = {3D00AC2F-AC40-44B2-AE5B-DD3E94148053}
		{8E92DFB7-6395-4125-9E10-D071AD174415} = {8E25E9AB-9B97-407F-9A1F-443B33CEF548}
		{07291B81-3D65-4580-ADBF-B29735E15695} = {2B69277A-77A1-404C-8CFE-1C1C248DFE48}
		{31195B9B-3541-480A-9E18-1719E635764A} = {07291B81-3D65-4580-ADBF-B29735E15695}
		{3DFEABD9-0212-48B6-9B22-64D3E4A29589} = {07291B81-3D65-4580-ADBF-B29735E15695}
		{887ECF32-E0B7-4542-90FD-3C61B6126C99} = {2B69277A-77A1-404C-8CFE-1C1C248DFE48}
		{3E4D2761-35AC-404C-BF66-AA135C547A26} = {887ECF32-E0B7-4542-90FD-3C61B6126C99}
		{671F44F7-B375-4526-8BA4-42293438D67B} = {887ECF32-E0B7-4542-90FD-3C61B6126C99}
	EndGlobalSection
EndGlobal
