
Microsoft Visual Studio Solution File, Format Version 12.00
# Visual Studio Version 17
VisualStudioVersion = 17.0.31903.59
MinimumVisualStudioVersion = 10.0.40219.1
Project("{2150E333-8FDC-42A3-9474-1A3956D46DE8}") = "src", "src", "{01D7C7E9-DE3D-4B47-9ACF-A887E2894DAA}"
EndProject
Project("{FAE04EC0-301F-11D3-BF4B-00C04F79EFBC}") = "Problem1", "src\Problem1\Problem1.csproj", "{3CEB19E0-8A92-4C5C-9612-5901D756EF67}"
EndProject
Project("{2150E333-8FDC-42A3-9474-1A3956D46DE8}") = "tests", "tests", "{B43C64C2-755E-402E-8697-75C1F3944F2A}"
EndProject
Project("{FAE04EC0-301F-11D3-BF4B-00C04F79EFBC}") = "Problem1.Tests", "tests\Problem1.Tests\Problem1.Tests.csproj", "{B1E70EA4-E92B-45DC-AE56-9A27947976F2}"
EndProject
Project("{FAE04EC0-301F-11D3-BF4B-00C04F79EFBC}") = "Problem2", "src\Problem2\Problem2.csproj", "{EFCCC56D-929E-4894-93EB-928DE87595C1}"
EndProject
Project("{FAE04EC0-301F-11D3-BF4B-00C04F79EFBC}") = "Problem2.Tests", "tests\Problem2.Tests\Problem2.Tests.csproj", "{C99A0007-F3B7-48E5-B85E-59638AFC3B17}"
EndProject
Project("{FAE04EC0-301F-11D3-BF4B-00C04F79EFBC}") = "Problem3", "src\Problem3\Problem3.csproj", "{CECB1CA1-D390-44E9-9D6B-D798F1C0212C}"
EndProject
Project("{FAE04EC0-301F-11D3-BF4B-00C04F79EFBC}") = "Problem3.Tests", "tests\Problem3.Tests\Problem3.Tests.csproj", "{722623C3-EEF9-41FD-97A1-47A0C868F1C8}"
EndProject
Global
	GlobalSection(SolutionConfigurationPlatforms) = preSolution
		Debug|Any CPU = Debug|Any CPU
		Release|Any CPU = Release|Any CPU
	EndGlobalSection
	GlobalSection(SolutionProperties) = preSolution
		HideSolutionNode = FALSE
	EndGlobalSection
	GlobalSection(ProjectConfigurationPlatforms) = postSolution
		{3CEB19E0-8A92-4C5C-9612-5901D756EF67}.Debug|Any CPU.ActiveCfg = Debug|Any CPU
		{3CEB19E0-8A92-4C5C-9612-5901D756EF67}.Debug|Any CPU.Build.0 = Debug|Any CPU
		{3CEB19E0-8A92-4C5C-9612-5901D756EF67}.Release|Any CPU.ActiveCfg = Release|Any CPU
		{3CEB19E0-8A92-4C5C-9612-5901D756EF67}.Release|Any CPU.Build.0 = Release|Any CPU
		{B1E70EA4-E92B-45DC-AE56-9A27947976F2}.Debug|Any CPU.ActiveCfg = Debug|Any CPU
		{B1E70EA4-E92B-45DC-AE56-9A27947976F2}.Debug|Any CPU.Build.0 = Debug|Any CPU
		{B1E70EA4-E92B-45DC-AE56-9A27947976F2}.Release|Any CPU.ActiveCfg = Release|Any CPU
		{B1E70EA4-E92B-45DC-AE56-9A27947976F2}.Release|Any CPU.Build.0 = Release|Any CPU
		{EFCCC56D-929E-4894-93EB-928DE87595C1}.Debug|Any CPU.ActiveCfg = Debug|Any CPU
		{EFCCC56D-929E-4894-93EB-928DE87595C1}.Debug|Any CPU.Build.0 = Debug|Any CPU
		{EFCCC56D-929E-4894-93EB-928DE87595C1}.Release|Any CPU.ActiveCfg = Release|Any CPU
		{EFCCC56D-929E-4894-93EB-928DE87595C1}.Release|Any CPU.Build.0 = Release|Any CPU
		{C99A0007-F3B7-48E5-B85E-59638AFC3B17}.Debug|Any CPU.ActiveCfg = Debug|Any CPU
		{C99A0007-F3B7-48E5-B85E-59638AFC3B17}.Debug|Any CPU.Build.0 = Debug|Any CPU
		{C99A0007-F3B7-48E5-B85E-59638AFC3B17}.Release|Any CPU.ActiveCfg = Release|Any CPU
		{C99A0007-F3B7-48E5-B85E-59638AFC3B17}.Release|Any CPU.Build.0 = Release|Any CPU
		{CECB1CA1-D390-44E9-9D6B-D798F1C0212C}.Debug|Any CPU.ActiveCfg = Debug|Any CPU
		{CECB1CA1-D390-44E9-9D6B-D798F1C0212C}.Debug|Any CPU.Build.0 = Debug|Any CPU
		{CECB1CA1-D390-44E9-9D6B-D798F1C0212C}.Release|Any CPU.ActiveCfg = Release|Any CPU
		{CECB1CA1-D390-44E9-9D6B-D798F1C0212C}.Release|Any CPU.Build.0 = Release|Any CPU
		{722623C3-EEF9-41FD-97A1-47A0C868F1C8}.Debug|Any CPU.ActiveCfg = Debug|Any CPU
		{722623C3-EEF9-41FD-97A1-47A0C868F1C8}.Debug|Any CPU.Build.0 = Debug|Any CPU
		{722623C3-EEF9-41FD-97A1-47A0C868F1C8}.Release|Any CPU.ActiveCfg = Release|Any CPU
		{722623C3-EEF9-41FD-97A1-47A0C868F1C8}.Release|Any CPU.Build.0 = Release|Any CPU
	EndGlobalSection
	GlobalSection(NestedProjects) = preSolution
		{3CEB19E0-8A92-4C5C-9612-5901D756EF67} = {01D7C7E9-DE3D-4B47-9ACF-A887E2894DAA}
		{B1E70EA4-E92B-45DC-AE56-9A27947976F2} = {B43C64C2-755E-402E-8697-75C1F3944F2A}
		{EFCCC56D-929E-4894-93EB-928DE87595C1} = {01D7C7E9-DE3D-4B47-9ACF-A887E2894DAA}
		{C99A0007-F3B7-48E5-B85E-59638AFC3B17} = {B43C64C2-755E-402E-8697-75C1F3944F2A}
		{CECB1CA1-D390-44E9-9D6B-D798F1C0212C} = {01D7C7E9-DE3D-4B47-9ACF-A887E2894DAA}
		{722623C3-EEF9-41FD-97A1-47A0C868F1C8} = {B43C64C2-755E-402E-8697-75C1F3944F2A}
	EndGlobalSection
EndGlobal
